
Microsoft Visual Studio Solution File, Format Version 12.00
# Visual Studio Version 17
VisualStudioVersion = 17.13.35818.85
MinimumVisualStudioVersion = 10.0.40219.1
Project("{9A19103F-16F7-4668-BE54-9A1E7A4F7556}") = "Tournament.Api", "Tournament.Api\Tournament.Api.csproj", "{8329FC30-2B45-44CB-B3BA-D01DD845EC63}"
EndProject
Project("{9A19103F-16F7-4668-BE54-9A1E7A4F7556}") = "Tournament.Business", "Tournament.Business\Tournament.Business.csproj", "{0B778228-ECDB-4F72-85AA-51006E5DB3B1}"
EndProject
Project("{9A19103F-16F7-4668-BE54-9A1E7A4F7556}") = "Tournament.Domain", "Tournament.Domain\Tournament.Domain.csproj", "{6988E93F-1D62-4927-B9A1-394560BA0E76}"
EndProject
Project("{9A19103F-16F7-4668-BE54-9A1E7A4F7556}") = "Tournament.Infrastructure", "Tournament.Infrastructure\Tournament.Infrastructure.csproj", "{8317723C-D4BD-48C5-8217-7A84A74D27D4}"
EndProject
Project("{9A19103F-16F7-4668-BE54-9A1E7A4F7556}") = "Tournament.Common", "Tournament.Common\Tournament.Common.csproj", "{C8EF4AC8-41DA-4034-9FF3-79DCF3FFEA24}"
EndProject
Project("{E53339B2-1760-4266-BCC7-CA923CBCF16C}") = "docker-compose", "docker-compose.dcproj", "{B7D74DC3-91D1-4463-A162-6BA64938A4BB}"
EndProject
Project("{FAE04EC0-301F-11D3-BF4B-00C04F79EFBC}") = "Tournament.Workerservices", "Tournament.Workerservices\Tournament.Workerservices.csproj", "{13966C2E-134B-4A3F-9CF2-392F19D07802}"
EndProject
Global
	GlobalSection(SolutionConfigurationPlatforms) = preSolution
		Debug|Any CPU = Debug|Any CPU
		Release|Any CPU = Release|Any CPU
	EndGlobalSection
	GlobalSection(ProjectConfigurationPlatforms) = postSolution
		{8329FC30-2B45-44CB-B3BA-D01DD845EC63}.Debug|Any CPU.ActiveCfg = Debug|Any CPU
		{8329FC30-2B45-44CB-B3BA-D01DD845EC63}.Debug|Any CPU.Build.0 = Debug|Any CPU
		{8329FC30-2B45-44CB-B3BA-D01DD845EC63}.Release|Any CPU.ActiveCfg = Release|Any CPU
		{8329FC30-2B45-44CB-B3BA-D01DD845EC63}.Release|Any CPU.Build.0 = Release|Any CPU
		{0B778228-ECDB-4F72-85AA-51006E5DB3B1}.Debug|Any CPU.ActiveCfg = Debug|Any CPU
		{0B778228-ECDB-4F72-85AA-51006E5DB3B1}.Debug|Any CPU.Build.0 = Debug|Any CPU
		{0B778228-ECDB-4F72-85AA-51006E5DB3B1}.Release|Any CPU.ActiveCfg = Release|Any CPU
		{0B778228-ECDB-4F72-85AA-51006E5DB3B1}.Release|Any CPU.Build.0 = Release|Any CPU
		{6988E93F-1D62-4927-B9A1-394560BA0E76}.Debug|Any CPU.ActiveCfg = Debug|Any CPU
		{6988E93F-1D62-4927-B9A1-394560BA0E76}.Debug|Any CPU.Build.0 = Debug|Any CPU
		{6988E93F-1D62-4927-B9A1-394560BA0E76}.Release|Any CPU.ActiveCfg = Release|Any CPU
		{6988E93F-1D62-4927-B9A1-394560BA0E76}.Release|Any CPU.Build.0 = Release|Any CPU
		{8317723C-D4BD-48C5-8217-7A84A74D27D4}.Debug|Any CPU.ActiveCfg = Debug|Any CPU
		{8317723C-D4BD-48C5-8217-7A84A74D27D4}.Debug|Any CPU.Build.0 = Debug|Any CPU
		{8317723C-D4BD-48C5-8217-7A84A74D27D4}.Release|Any CPU.ActiveCfg = Release|Any CPU
		{8317723C-D4BD-48C5-8217-7A84A74D27D4}.Release|Any CPU.Build.0 = Release|Any CPU
		{C8EF4AC8-41DA-4034-9FF3-79DCF3FFEA24}.Debug|Any CPU.ActiveCfg = Debug|Any CPU
		{C8EF4AC8-41DA-4034-9FF3-79DCF3FFEA24}.Debug|Any CPU.Build.0 = Debug|Any CPU
		{C8EF4AC8-41DA-4034-9FF3-79DCF3FFEA24}.Release|Any CPU.ActiveCfg = Release|Any CPU
		{C8EF4AC8-41DA-4034-9FF3-79DCF3FFEA24}.Release|Any CPU.Build.0 = Release|Any CPU
		{B7D74DC3-91D1-4463-A162-6BA64938A4BB}.Debug|Any CPU.ActiveCfg = Debug|Any CPU
		{B7D74DC3-91D1-4463-A162-6BA64938A4BB}.Debug|Any CPU.Build.0 = Debug|Any CPU
		{B7D74DC3-91D1-4463-A162-6BA64938A4BB}.Release|Any CPU.ActiveCfg = Release|Any CPU
		{B7D74DC3-91D1-4463-A162-6BA64938A4BB}.Release|Any CPU.Build.0 = Release|Any CPU
		{13966C2E-134B-4A3F-9CF2-392F19D07802}.Debug|Any CPU.ActiveCfg = Debug|Any CPU
		{13966C2E-134B-4A3F-9CF2-392F19D07802}.Debug|Any CPU.Build.0 = Debug|Any CPU
		{13966C2E-134B-4A3F-9CF2-392F19D07802}.Release|Any CPU.ActiveCfg = Release|Any CPU
		{13966C2E-134B-4A3F-9CF2-392F19D07802}.Release|Any CPU.Build.0 = Release|Any CPU
	EndGlobalSection
	GlobalSection(SolutionProperties) = preSolution
		HideSolutionNode = FALSE
	EndGlobalSection
	GlobalSection(ExtensibilityGlobals) = postSolution
		SolutionGuid = {02FEC854-04C5-4F72-88B8-0DE96E59C76E}
	EndGlobalSection
EndGlobal
